
Microsoft Visual Studio Solution File, Format Version 12.00
# Visual Studio Version 16
VisualStudioVersion = 25.0.1706.1
MinimumVisualStudioVersion = 10.0.40219.1
Project("{FAE04EC0-301F-11D3-BF4B-00C04F79EFBC}") = "Shopee", "Shopee.csproj", "{58984B93-FD3A-40C4-A2D4-163DC809DAC0}"
EndProject
Global
	GlobalSection(SolutionConfigurationPlatforms) = preSolution
		Debug|Any CPU = Debug|Any CPU
		Release|Any CPU = Release|Any CPU
	EndGlobalSection
	GlobalSection(ProjectConfigurationPlatforms) = postSolution
		{58984B93-FD3A-40C4-A2D4-163DC809DAC0}.Debug|Any CPU.ActiveCfg = Debug|Any CPU
		{58984B93-FD3A-40C4-A2D4-163DC809DAC0}.Debug|Any CPU.Build.0 = Debug|Any CPU
		{58984B93-FD3A-40C4-A2D4-163DC809DAC0}.Release|Any CPU.ActiveCfg = Release|Any CPU
		{58984B93-FD3A-40C4-A2D4-163DC809DAC0}.Release|Any CPU.Build.0 = Release|Any CPU
	EndGlobalSection
	GlobalSection(SolutionProperties) = preSolution
		HideSolutionNode = FALSE
	EndGlobalSection
	GlobalSection(ExtensibilityGlobals) = postSolution
		SolutionGuid = {1ADDD3CC-1FC2-4DCA-A388-6E2837417791}
	EndGlobalSection
EndGlobal
